
Microsoft Visual Studio Solution File, Format Version 11.00
# Visual Studio 2010
Project("{FAE04EC0-301F-11D3-BF4B-00C04F79EFBC}") = "Assembly-CSharp-firstpass", "Assembly-CSharp-firstpass.csproj", "{e8a81e83-dbc4-c7c8-be3f-d4cca3a36b3a}"
EndProject
Project("{FAE04EC0-301F-11D3-BF4B-00C04F79EFBC}") = "Assembly-CSharp", "Assembly-CSharp.csproj", "{f2418e4c-cf68-dabf-3b3e-d5abf3ff8b5c}"
EndProject
Global
	GlobalSection(SolutionConfigurationPlatforms) = preSolution
		Debug|Any CPU = Debug|Any CPU
	EndGlobalSection
	GlobalSection(ProjectConfigurationPlatforms) = postSolution
		{e8a81e83-dbc4-c7c8-be3f-d4cca3a36b3a}.Debug|Any CPU.ActiveCfg = Debug|Any CPU
		{e8a81e83-dbc4-c7c8-be3f-d4cca3a36b3a}.Debug|Any CPU.Build.0 = Debug|Any CPU
		{f2418e4c-cf68-dabf-3b3e-d5abf3ff8b5c}.Debug|Any CPU.ActiveCfg = Debug|Any CPU
		{f2418e4c-cf68-dabf-3b3e-d5abf3ff8b5c}.Debug|Any CPU.Build.0 = Debug|Any CPU
	EndGlobalSection
	GlobalSection(SolutionProperties) = preSolution
		HideSolutionNode = FALSE
	EndGlobalSection
EndGlobal
