
Microsoft Visual Studio Solution File, Format Version 11.00
# Visual Studio 2010
Project("{FAE04EC0-301F-11D3-BF4B-00C04F79EFBC}") = "Assembly-CSharp-firstpass", "Assembly-CSharp-firstpass.csproj", "{f54ee68d-8019-96e0-8003-458dbacb42ce}"
EndProject
Project("{FAE04EC0-301F-11D3-BF4B-00C04F79EFBC}") = "Assembly-CSharp", "Assembly-CSharp.csproj", "{02af5cb9-53f7-09e0-2400-f62349f857b6}"
EndProject
Global
	GlobalSection(SolutionConfigurationPlatforms) = preSolution
		Debug|Any CPU = Debug|Any CPU
	EndGlobalSection
	GlobalSection(ProjectConfigurationPlatforms) = postSolution
		{f54ee68d-8019-96e0-8003-458dbacb42ce}.Debug|Any CPU.ActiveCfg = Debug|Any CPU
		{f54ee68d-8019-96e0-8003-458dbacb42ce}.Debug|Any CPU.Build.0 = Debug|Any CPU
		{02af5cb9-53f7-09e0-2400-f62349f857b6}.Debug|Any CPU.ActiveCfg = Debug|Any CPU
		{02af5cb9-53f7-09e0-2400-f62349f857b6}.Debug|Any CPU.Build.0 = Debug|Any CPU
	EndGlobalSection
	GlobalSection(SolutionProperties) = preSolution
		HideSolutionNode = FALSE
	EndGlobalSection
EndGlobal
